
Microsoft Visual Studio Solution File, Format Version 12.00
# Visual Studio 2012
Project("{FAE04EC0-301F-11D3-BF4B-00C04F79EFBC}") = "Pxai", "Pxai\Pxai.csproj", "{8C39D02C-A1AE-49FC-881C-F7BE79D25714}"
EndProject
Global
	GlobalSection(SolutionConfigurationPlatforms) = preSolution
		Debug|iPhoneSimulator = Debug|iPhoneSimulator
		Release|iPhone = Release|iPhone
		Release|iPhoneSimulator = Release|iPhoneSimulator
		Debug|iPhone = Debug|iPhone
		Debug|Any CPU = Debug|Any CPU
		Release|Any CPU = Release|Any CPU
	EndGlobalSection
	GlobalSection(ProjectConfigurationPlatforms) = postSolution
		{8C39D02C-A1AE-49FC-881C-F7BE79D25714}.Debug|iPhoneSimulator.ActiveCfg = Debug|Any CPU
		{8C39D02C-A1AE-49FC-881C-F7BE79D25714}.Debug|iPhoneSimulator.Build.0 = Debug|Any CPU
		{8C39D02C-A1AE-49FC-881C-F7BE79D25714}.Release|iPhone.ActiveCfg = Release|Any CPU
		{8C39D02C-A1AE-49FC-881C-F7BE79D25714}.Release|iPhone.Build.0 = Release|Any CPU
		{8C39D02C-A1AE-49FC-881C-F7BE79D25714}.Release|iPhoneSimulator.ActiveCfg = Release|Any CPU
		{8C39D02C-A1AE-49FC-881C-F7BE79D25714}.Release|iPhoneSimulator.Build.0 = Release|Any CPU
		{8C39D02C-A1AE-49FC-881C-F7BE79D25714}.Debug|iPhone.ActiveCfg = Debug|Any CPU
		{8C39D02C-A1AE-49FC-881C-F7BE79D25714}.Debug|iPhone.Build.0 = Debug|Any CPU
		{8C39D02C-A1AE-49FC-881C-F7BE79D25714}.Debug|Any CPU.ActiveCfg = Debug|Any CPU
		{8C39D02C-A1AE-49FC-881C-F7BE79D25714}.Debug|Any CPU.Build.0 = Debug|Any CPU
		{8C39D02C-A1AE-49FC-881C-F7BE79D25714}.Release|Any CPU.ActiveCfg = Release|Any CPU
		{8C39D02C-A1AE-49FC-881C-F7BE79D25714}.Release|Any CPU.Build.0 = Release|Any CPU
	EndGlobalSection
EndGlobal
